
Microsoft Visual Studio Solution File, Format Version 12.00
# Visual Studio Version 17
VisualStudioVersion = 17.9.34723.18
MinimumVisualStudioVersion = 10.0.40219.1
Project("{888888A0-9F3D-457C-B088-3A5042F75D52}") = "two_dimensional_lists", "two_dimensional_lists\two_dimensional_lists.pyproj", "{104F3913-29B0-4E0B-9930-D06714C33CEA}"
EndProject
Global
	GlobalSection(SolutionConfigurationPlatforms) = preSolution
		Debug|Any CPU = Debug|Any CPU
		Release|Any CPU = Release|Any CPU
	EndGlobalSection
	GlobalSection(ProjectConfigurationPlatforms) = postSolution
		{104F3913-29B0-4E0B-9930-D06714C33CEA}.Debug|Any CPU.ActiveCfg = Debug|Any CPU
		{104F3913-29B0-4E0B-9930-D06714C33CEA}.Release|Any CPU.ActiveCfg = Release|Any CPU
	EndGlobalSection
	GlobalSection(SolutionProperties) = preSolution
		HideSolutionNode = FALSE
	EndGlobalSection
	GlobalSection(ExtensibilityGlobals) = postSolution
		SolutionGuid = {F6D68F75-D564-4157-B64D-6680042CC1AB}
	EndGlobalSection
EndGlobal
